
Microsoft Visual Studio Solution File, Format Version 12.00
# Visual Studio 2013
VisualStudioVersion = 12.0.21005.1
MinimumVisualStudioVersion = 10.0.40219.1
Project("{FAE04EC0-301F-11D3-BF4B-00C04F79EFBC}") = "CafeTester", "UnitTestProject1\CafeTester.csproj", "{1A13BB44-110E-426A-907B-E5C04A3A51D8}"
EndProject
Project("{FAE04EC0-301F-11D3-BF4B-00C04F79EFBC}") = "Cafe", "Cafe\Cafe.csproj", "{545970D8-13DC-4C50-882A-36D760D0CCA8}"
EndProject
Global
	GlobalSection(SolutionConfigurationPlatforms) = preSolution
		Debug|Any CPU = Debug|Any CPU
		Release|Any CPU = Release|Any CPU
	EndGlobalSection
	GlobalSection(ProjectConfigurationPlatforms) = postSolution
		{1A13BB44-110E-426A-907B-E5C04A3A51D8}.Debug|Any CPU.ActiveCfg = Debug|Any CPU
		{1A13BB44-110E-426A-907B-E5C04A3A51D8}.Debug|Any CPU.Build.0 = Debug|Any CPU
		{1A13BB44-110E-426A-907B-E5C04A3A51D8}.Release|Any CPU.ActiveCfg = Release|Any CPU
		{1A13BB44-110E-426A-907B-E5C04A3A51D8}.Release|Any CPU.Build.0 = Release|Any CPU
		{545970D8-13DC-4C50-882A-36D760D0CCA8}.Debug|Any CPU.ActiveCfg = Debug|Any CPU
		{545970D8-13DC-4C50-882A-36D760D0CCA8}.Debug|Any CPU.Build.0 = Debug|Any CPU
		{545970D8-13DC-4C50-882A-36D760D0CCA8}.Release|Any CPU.ActiveCfg = Release|Any CPU
		{545970D8-13DC-4C50-882A-36D760D0CCA8}.Release|Any CPU.Build.0 = Release|Any CPU
	EndGlobalSection
	GlobalSection(SolutionProperties) = preSolution
		HideSolutionNode = FALSE
	EndGlobalSection
	GlobalSection(ExtensibilityGlobals) = postSolution
		SolutionGuid = {4718C761-6D5E-47EB-9499-146E7E621F52}
	EndGlobalSection
EndGlobal
